{
  "name": "dcl-project",
  "version": "1.0.0",
  "lockfileVersion": 1,
  "requires": true,
  "dependencies": {
    "commander": {
      "version": "2.20.0",
      "resolved": "https://registry.npmjs.org/commander/-/commander-2.20.0.tgz",
      "integrity": "sha512-7j2y+40w61zy6YC2iRNpUe/NwhNyoXrYpHMrSunaMG64nRnaf96zO/KMQR4OyN/UnE5KLyEBnKHd4aG3rskjpQ==",
      "dev": true
    },
    "decentraland": {
      "version": "3.0.2-20190510115213.commit-63fccfe",
      "resolved": "https://registry.npmjs.org/decentraland/-/decentraland-3.0.2-20190510115213.commit-63fccfe.tgz",
      "integrity": "sha512-CWo1oUdPtiA/sBTo/TgtSEsD7TP1Fm5d3s3TVo47Hm/orMMIKOsZyyrVmDS0tFYw3l8qznrLQIFTtP9oPD6ZzA=="
    },
    "decentraland-ecs": {
      "version": "6.0.5-20190510183432.commit-8ad76a5",
      "resolved": "https://registry.npmjs.org/decentraland-ecs/-/decentraland-ecs-6.0.5-20190510183432.commit-8ad76a5.tgz",
      "integrity": "sha512-cgVcOtjJUK3st6B6mXlBaJSa7rgvRlPkjzwVOYmMaJsx6XGGn8vK48ibs1ygeQbPhXZk8R3NF8LHRrxgjj3gfA==",
      "dev": true,
      "requires": {
        "typescript": "^3.2.2",
        "uglify-js": "^3.5.2"
      }
    },
    "source-map": {
      "version": "0.6.1",
      "resolved": "https://registry.npmjs.org/source-map/-/source-map-0.6.1.tgz",
      "integrity": "sha512-UjgapumWlbMhkBgzT7Ykc5YXUT46F0iKu8SGXq0bcwP5dz/h0Plj6enJqjz1Zbq2l5WaqYnrVbwWOWMyF3F47g==",
      "dev": true
    },
    "typescript": {
      "version": "3.4.5",
      "resolved": "https://registry.npmjs.org/typescript/-/typescript-3.4.5.tgz",
      "integrity": "sha512-YycBxUb49UUhdNMU5aJ7z5Ej2XGmaIBL0x34vZ82fn3hGvD+bgrMrVDpatgz2f7YxUMJxMkbWxJZeAvDxVe7Vw==",
      "dev": true
    },
    "uglify-js": {
      "version": "3.5.11",
      "resolved": "https://registry.npmjs.org/uglify-js/-/uglify-js-3.5.11.tgz",
      "integrity": "sha512-izPJg8RsSyqxbdnqX36ExpbH3K7tDBsAU/VfNv89VkMFy3z39zFjunQGsSHOlGlyIfGLGprGeosgQno3bo2/Kg==",
      "dev": true,
      "requires": {
        "commander": "~2.20.0",
        "source-map": "~0.6.1"
      }
    }
  }
}
