{
  "name": "dcl-project",
  "version": "1.0.0",
  "lockfileVersion": 1,
  "requires": true,
  "dependencies": {
    "commander": {
      "version": "2.20.0",
      "resolved": "https://registry.npmjs.org/commander/-/commander-2.20.0.tgz",
      "integrity": "sha512-7j2y+40w61zy6YC2iRNpUe/NwhNyoXrYpHMrSunaMG64nRnaf96zO/KMQR4OyN/UnE5KLyEBnKHd4aG3rskjpQ==",
      "dev": true
    },
    "decentraland": {
      "version": "2.2.6",
      "resolved": "https://registry.npmjs.org/decentraland/-/decentraland-2.2.6.tgz",
      "integrity": "sha512-r5hl99WCsxLxi5/F9ps4Sz/mjBewkfD0vb1w8fiTooI7vTvKVf/RLvHjvgfoudUnXnv+oYO2Sj2zGc9SdbAEhg=="
    },
    "decentraland-ecs": {
      "version": "5.0.1-20190410194925.commit-9800f89",
      "resolved": "https://registry.npmjs.org/decentraland-ecs/-/decentraland-ecs-5.0.1-20190410194925.commit-9800f89.tgz",
      "integrity": "sha512-R5iPMiuy14/OOe06VZKsCXH0n4jj8QbVmc3+Lb59BNyJuuUO5vmyS1A6ZJ5DWUrqGr702CKGu+zBBbU6v4ubgw==",
      "dev": true,
      "requires": {
        "typescript": "^3.2.2",
        "uglify-js": "^3.5.2"
      }
    },
    "source-map": {
      "version": "0.6.1",
      "resolved": "https://registry.npmjs.org/source-map/-/source-map-0.6.1.tgz",
      "integrity": "sha512-UjgapumWlbMhkBgzT7Ykc5YXUT46F0iKu8SGXq0bcwP5dz/h0Plj6enJqjz1Zbq2l5WaqYnrVbwWOWMyF3F47g==",
      "dev": true
    },
    "typescript": {
      "version": "3.4.3",
      "resolved": "https://registry.npmjs.org/typescript/-/typescript-3.4.3.tgz",
      "integrity": "sha512-FFgHdPt4T/duxx6Ndf7hwgMZZjZpB+U0nMNGVCYPq0rEzWKjEDobm4J6yb3CS7naZ0yURFqdw9Gwc7UOh/P9oQ==",
      "dev": true
    },
    "uglify-js": {
      "version": "3.5.4",
      "resolved": "https://registry.npmjs.org/uglify-js/-/uglify-js-3.5.4.tgz",
      "integrity": "sha512-GpKo28q/7Bm5BcX9vOu4S46FwisbPbAmkkqPnGIpKvKTM96I85N6XHQV+k4I6FA2wxgLhcsSyHoNhzucwCflvA==",
      "dev": true,
      "requires": {
        "commander": "~2.20.0",
        "source-map": "~0.6.1"
      }
    }
  }
}
